
Microsoft Visual Studio Solution File, Format Version 12.00
# Visual Studio Version 17
VisualStudioVersion = 17.9.34616.47
MinimumVisualStudioVersion = 10.0.40219.1
Project("{8BC9CEB8-8B4A-11D0-8D11-00A0C91BC942}") = "Double Linked List", "Double Linked List\Double Linked List.vcxproj", "{00DA5C9E-1DE1-4A48-B1AF-C6068C1092D9}"
EndProject
Global
	GlobalSection(SolutionConfigurationPlatforms) = preSolution
		Debug|x64 = Debug|x64
		Debug|x86 = Debug|x86
		Release|x64 = Release|x64
		Release|x86 = Release|x86
	EndGlobalSection
	GlobalSection(ProjectConfigurationPlatforms) = postSolution
		{00DA5C9E-1DE1-4A48-B1AF-C6068C1092D9}.Debug|x64.ActiveCfg = Debug|x64
		{00DA5C9E-1DE1-4A48-B1AF-C6068C1092D9}.Debug|x64.Build.0 = Debug|x64
		{00DA5C9E-1DE1-4A48-B1AF-C6068C1092D9}.Debug|x86.ActiveCfg = Debug|Win32
		{00DA5C9E-1DE1-4A48-B1AF-C6068C1092D9}.Debug|x86.Build.0 = Debug|Win32
		{00DA5C9E-1DE1-4A48-B1AF-C6068C1092D9}.Release|x64.ActiveCfg = Release|x64
		{00DA5C9E-1DE1-4A48-B1AF-C6068C1092D9}.Release|x64.Build.0 = Release|x64
		{00DA5C9E-1DE1-4A48-B1AF-C6068C1092D9}.Release|x86.ActiveCfg = Release|Win32
		{00DA5C9E-1DE1-4A48-B1AF-C6068C1092D9}.Release|x86.Build.0 = Release|Win32
	EndGlobalSection
	GlobalSection(SolutionProperties) = preSolution
		HideSolutionNode = FALSE
	EndGlobalSection
	GlobalSection(ExtensibilityGlobals) = postSolution
		SolutionGuid = {D7DFAFD0-0778-44C3-A1A7-69D75F169805}
	EndGlobalSection
EndGlobal
